
Microsoft Visual Studio Solution File, Format Version 12.00
# Visual Studio Version 17
VisualStudioVersion = 17.14.36109.1
MinimumVisualStudioVersion = 10.0.40219.1
Project("{FAE04EC0-301F-11D3-BF4B-00C04F79EFBC}") = "ApparelExtension", "ApparelExtension\ApparelExtension.csproj", "{C9F41CC7-FD32-4DD2-ACE6-8B7748DA1744}"
EndProject
Project("{FAE04EC0-301F-11D3-BF4B-00C04F79EFBC}") = "BiomesKit", "BiomesKit\BiomesKit.csproj", "{48D86E1F-FEA8-A2B9-67FB-BDE35FCD51E9}"
EndProject
Project("{FAE04EC0-301F-11D3-BF4B-00C04F79EFBC}") = "Enlist", "Enlist\Enlist.csproj", "{70F552C7-DEA4-4805-9647-F554F0D814ED}"
EndProject
Project("{FAE04EC0-301F-11D3-BF4B-00C04F79EFBC}") = "SWCP-RadiantQuests", "RadiantQuests\SWCP-RadiantQuests.csproj", "{918968DA-54EC-087E-AE7D-2A32132EACAF}"
EndProject
Project("{FAE04EC0-301F-11D3-BF4B-00C04F79EFBC}") = "SWCP_Shuttles", "Shuttles\SWCP_Shuttles.csproj", "{731E85B5-BE39-4F20-8196-E394071CDEB6}"
EndProject
Project("{FAE04EC0-301F-11D3-BF4B-00C04F79EFBC}") = "Gooification", "Gooification\Gooification.csproj", "{4B920B73-3649-A4E2-7898-423DCBC23820}"
EndProject
Project("{FAE04EC0-301F-11D3-BF4B-00C04F79EFBC}") = "StarWarsCurrencies", "StarWarsCurrencies\StarWarsCurrencies.csproj", "{49B0469F-C291-11F1-EB62-2F23FAD7B71E}"
EndProject
Project("{FAE04EC0-301F-11D3-BF4B-00C04F79EFBC}") = "SWCP-NutrientPaste", "SWCP-NutrientPaste\SWCP-NutrientPaste.csproj", "{EC99CD43-3BE7-42B0-82EE-F8EB49924EBF}"
EndProject
Project("{FAE04EC0-301F-11D3-BF4B-00C04F79EFBC}") = "SWCP", "StarWarsCore\SWCP.csproj", "{B189AF7B-DA3E-BF28-3B42-CBAB9844C469}"
EndProject
Global
	GlobalSection(SolutionConfigurationPlatforms) = preSolution
		Debug|Any CPU = Debug|Any CPU
		Release|Any CPU = Release|Any CPU
	EndGlobalSection
	GlobalSection(ProjectConfigurationPlatforms) = postSolution
		{C9F41CC7-FD32-4DD2-ACE6-8B7748DA1744}.Debug|Any CPU.ActiveCfg = Debug|Any CPU
		{C9F41CC7-FD32-4DD2-ACE6-8B7748DA1744}.Debug|Any CPU.Build.0 = Debug|Any CPU
		{C9F41CC7-FD32-4DD2-ACE6-8B7748DA1744}.Release|Any CPU.ActiveCfg = Release|Any CPU
		{C9F41CC7-FD32-4DD2-ACE6-8B7748DA1744}.Release|Any CPU.Build.0 = Release|Any CPU
		{48D86E1F-FEA8-A2B9-67FB-BDE35FCD51E9}.Debug|Any CPU.ActiveCfg = Debug|Any CPU
		{48D86E1F-FEA8-A2B9-67FB-BDE35FCD51E9}.Debug|Any CPU.Build.0 = Debug|Any CPU
		{48D86E1F-FEA8-A2B9-67FB-BDE35FCD51E9}.Release|Any CPU.ActiveCfg = Release|Any CPU
		{48D86E1F-FEA8-A2B9-67FB-BDE35FCD51E9}.Release|Any CPU.Build.0 = Release|Any CPU
		{70F552C7-DEA4-4805-9647-F554F0D814ED}.Debug|Any CPU.ActiveCfg = Debug|Any CPU
		{70F552C7-DEA4-4805-9647-F554F0D814ED}.Debug|Any CPU.Build.0 = Debug|Any CPU
		{70F552C7-DEA4-4805-9647-F554F0D814ED}.Release|Any CPU.ActiveCfg = Release|Any CPU
		{70F552C7-DEA4-4805-9647-F554F0D814ED}.Release|Any CPU.Build.0 = Release|Any CPU
		{918968DA-54EC-087E-AE7D-2A32132EACAF}.Debug|Any CPU.ActiveCfg = Debug|Any CPU
		{918968DA-54EC-087E-AE7D-2A32132EACAF}.Debug|Any CPU.Build.0 = Debug|Any CPU
		{918968DA-54EC-087E-AE7D-2A32132EACAF}.Release|Any CPU.ActiveCfg = Release|Any CPU
		{918968DA-54EC-087E-AE7D-2A32132EACAF}.Release|Any CPU.Build.0 = Release|Any CPU
		{731E85B5-BE39-4F20-8196-E394071CDEB6}.Debug|Any CPU.ActiveCfg = Debug|Any CPU
		{731E85B5-BE39-4F20-8196-E394071CDEB6}.Debug|Any CPU.Build.0 = Debug|Any CPU
		{731E85B5-BE39-4F20-8196-E394071CDEB6}.Release|Any CPU.ActiveCfg = Release|Any CPU
		{731E85B5-BE39-4F20-8196-E394071CDEB6}.Release|Any CPU.Build.0 = Release|Any CPU
		{4B920B73-3649-A4E2-7898-423DCBC23820}.Debug|Any CPU.ActiveCfg = Debug|Any CPU
		{4B920B73-3649-A4E2-7898-423DCBC23820}.Debug|Any CPU.Build.0 = Debug|Any CPU
		{4B920B73-3649-A4E2-7898-423DCBC23820}.Release|Any CPU.ActiveCfg = Release|Any CPU
		{4B920B73-3649-A4E2-7898-423DCBC23820}.Release|Any CPU.Build.0 = Release|Any CPU
		{49B0469F-C291-11F1-EB62-2F23FAD7B71E}.Debug|Any CPU.ActiveCfg = Debug|Any CPU
		{49B0469F-C291-11F1-EB62-2F23FAD7B71E}.Debug|Any CPU.Build.0 = Debug|Any CPU
		{49B0469F-C291-11F1-EB62-2F23FAD7B71E}.Release|Any CPU.ActiveCfg = Release|Any CPU
		{49B0469F-C291-11F1-EB62-2F23FAD7B71E}.Release|Any CPU.Build.0 = Release|Any CPU
		{EC99CD43-3BE7-42B0-82EE-F8EB49924EBF}.Debug|Any CPU.ActiveCfg = Debug|Any CPU
		{EC99CD43-3BE7-42B0-82EE-F8EB49924EBF}.Debug|Any CPU.Build.0 = Debug|Any CPU
		{EC99CD43-3BE7-42B0-82EE-F8EB49924EBF}.Release|Any CPU.ActiveCfg = Release|Any CPU
		{EC99CD43-3BE7-42B0-82EE-F8EB49924EBF}.Release|Any CPU.Build.0 = Release|Any CPU
		{B189AF7B-DA3E-BF28-3B42-CBAB9844C469}.Debug|Any CPU.ActiveCfg = Debug|Any CPU
		{B189AF7B-DA3E-BF28-3B42-CBAB9844C469}.Debug|Any CPU.Build.0 = Debug|Any CPU
		{B189AF7B-DA3E-BF28-3B42-CBAB9844C469}.Release|Any CPU.ActiveCfg = Release|Any CPU
		{B189AF7B-DA3E-BF28-3B42-CBAB9844C469}.Release|Any CPU.Build.0 = Release|Any CPU
	EndGlobalSection
	GlobalSection(SolutionProperties) = preSolution
		HideSolutionNode = FALSE
	EndGlobalSection
	GlobalSection(ExtensibilityGlobals) = postSolution
		SolutionGuid = {A145B564-B94E-432A-9915-EF97B9DD8BA9}
	EndGlobalSection
EndGlobal
